<?xml version="1.0" encoding="utf-8"?>
<Project ToolsVersion="4.0" xmlns="http://schemas.microsoft.com/developer/msbuild/2003">
  <ItemGroup>
    <Filter Include="Файлы исходного кода">
      <UniqueIdentifier>{4FC737F1-C7A5-4376-A066-2A32D752A2FF}</UniqueIdentifier>
      <Extensions>cpp;c;cc;cxx;def;odl;idl;hpj;bat;asm;asmx</Extensions>
    </Filter>
    <Filter Include="Заголовочные файлы">
      <UniqueIdentifier>{93995380-89BD-4b04-88EB-625FBE52EBFB}</UniqueIdentifier>
      <Extensions>h;hh;hpp;hxx;hm;inl;inc;xsd</Extensions>
    </Filter>
    <Filter Include="Файлы ресурсов">
      <UniqueIdentifier>{67DA6AB6-F800-4c08-8B7A-83BB121AAD01}</UniqueIdentifier>
      <Extensions>rc;ico;cur;bmp;dlg;rc2;rct;bin;rgs;gif;jpg;jpeg;jpe;resx;tiff;tif;png;wav;mfcribbon-ms</Extensions>
    </Filter>
    <Filter Include="Файлы ресурсов\kernels">
      <UniqueIdentifier>{8f41196f-5423-4870-ab03-90acaa49ee81}</UniqueIdentifier>
    </Filter>
    <Filter Include="Заголовочные файлы\AdditionalElements">
      <UniqueIdentifier>{d47e9da3-930a-408a-abf8-9a5f7ecce797}</UniqueIdentifier>
    </Filter>
    <Filter Include="Заголовочные файлы\System">
      <UniqueIdentifier>{b8f0b26c-7fd4-49dc-b3d7-a68927385f2d}</UniqueIdentifier>
    </Filter>
    <Filter Include="Заголовочные файлы\System\Graphic">
      <UniqueIdentifier>{7a6bd6eb-e08b-492f-b264-93a9da298c20}</UniqueIdentifier>
    </Filter>
    <Filter Include="Заголовочные файлы\System\Graphic\ShaderManagment">
      <UniqueIdentifier>{67bc81e0-d6ff-46ea-b702-2a5184e383b0}</UniqueIdentifier>
    </Filter>
    <Filter Include="Заголовочные файлы\System\Graphic\KernelManagment">
      <UniqueIdentifier>{455e335a-ff79-48f8-9812-17dad6f9bbbb}</UniqueIdentifier>
    </Filter>
    <Filter Include="Заголовочные файлы\System\Graphic\GraphicBuffers">
      <UniqueIdentifier>{2efbf51b-5bf0-4933-af54-f6eab7f06fb3}</UniqueIdentifier>
    </Filter>
    <Filter Include="Заголовочные файлы\System\Services">
      <UniqueIdentifier>{4fbe9e2f-1b05-4223-98f0-da5b55dbba2f}</UniqueIdentifier>
    </Filter>
    <Filter Include="Заголовочные файлы\AdditionalElements\Graphic">
      <UniqueIdentifier>{301aa004-6b19-4b7e-81f5-f365c3dcd7e2}</UniqueIdentifier>
    </Filter>
    <Filter Include="Заголовочные файлы\AdditionalElements\Graphic\Kernels">
      <UniqueIdentifier>{b995b6a5-6415-4d4f-8231-6df643944182}</UniqueIdentifier>
    </Filter>
    <Filter Include="Заголовочные файлы\AdditionalElements\Graphic\Shaders">
      <UniqueIdentifier>{c0b66302-244a-4023-b3e7-856043344ac1}</UniqueIdentifier>
    </Filter>
    <Filter Include="Файлы исходного кода\AdditionalElements">
      <UniqueIdentifier>{8f199fbd-8d40-4e73-ae36-4fd6b2d3f05e}</UniqueIdentifier>
    </Filter>
    <Filter Include="Файлы исходного кода\System">
      <UniqueIdentifier>{91626fb6-8c35-4d9e-80b0-28cffbd0e0e1}</UniqueIdentifier>
    </Filter>
    <Filter Include="Файлы исходного кода\System\Graphic">
      <UniqueIdentifier>{fba1360c-e021-4b4c-8c81-a4120f86b449}</UniqueIdentifier>
    </Filter>
    <Filter Include="Файлы исходного кода\System\Graphic\ShaderManagment">
      <UniqueIdentifier>{2dbd8cbd-1061-4a6c-8ca2-887a081a0b92}</UniqueIdentifier>
    </Filter>
    <Filter Include="Файлы исходного кода\System\Graphic\KernelManagment">
      <UniqueIdentifier>{95c7267c-91ea-45ba-8649-7ac3146a0aa4}</UniqueIdentifier>
    </Filter>
    <Filter Include="Файлы исходного кода\System\Graphic\GraphicBuffers">
      <UniqueIdentifier>{4fd6f9ed-9591-496c-925f-3c0e3e2a4202}</UniqueIdentifier>
    </Filter>
    <Filter Include="Файлы исходного кода\System\Services">
      <UniqueIdentifier>{fe983827-a6b2-41b2-9182-ee235e5b6216}</UniqueIdentifier>
    </Filter>
    <Filter Include="Файлы исходного кода\AdditionalElements\Graphic">
      <UniqueIdentifier>{f0b6bd3c-4152-47bc-9a06-803ea0f28030}</UniqueIdentifier>
    </Filter>
    <Filter Include="Файлы исходного кода\AdditionalElements\Graphic\Kernels">
      <UniqueIdentifier>{75e67a92-43ff-47aa-89bc-bd206909b514}</UniqueIdentifier>
    </Filter>
    <Filter Include="Файлы исходного кода\AdditionalElements\Graphic\Shaders">
      <UniqueIdentifier>{2e5e43c2-6128-4437-bf69-eb0a918437de}</UniqueIdentifier>
    </Filter>
    <Filter Include="Заголовочные файлы\3DMath">
      <UniqueIdentifier>{47f82c32-f9f2-4ec2-915e-f345337682f4}</UniqueIdentifier>
    </Filter>
    <Filter Include="Заголовочные файлы\AdditionalElements\Models">
      <UniqueIdentifier>{6f106f34-5f38-4f4c-8c96-759570470ba9}</UniqueIdentifier>
    </Filter>
    <Filter Include="Заголовочные файлы\System\ModelManagment">
      <UniqueIdentifier>{48b6ecf3-9b7e-4cb5-a127-0619eb679ed2}</UniqueIdentifier>
    </Filter>
    <Filter Include="Файлы исходного кода\System\ModelManagment">
      <UniqueIdentifier>{34fba4b0-6aa7-45dc-885e-af40afb18579}</UniqueIdentifier>
    </Filter>
    <Filter Include="Заголовочные файлы\AdditionalElements\Renderers">
      <UniqueIdentifier>{4228ac5d-7c35-4f67-904a-bbb14deaa2c2}</UniqueIdentifier>
    </Filter>
    <Filter Include="Файлы исходного кода\AdditionalElements\Renderers">
      <UniqueIdentifier>{8db54300-2aa1-4ceb-a199-94de3dd932a4}</UniqueIdentifier>
    </Filter>
    <Filter Include="Файлы исходного кода\3DMath">
      <UniqueIdentifier>{bf7032c1-1514-4042-ba62-1b9020068f35}</UniqueIdentifier>
    </Filter>
  </ItemGroup>
  <ItemGroup>
    <ClInclude Include="Settings.h">
      <Filter>Заголовочные файлы\System\Services</Filter>
    </ClInclude>
    <ClInclude Include="LogManager.h">
      <Filter>Заголовочные файлы\System\Services</Filter>
    </ClInclude>
    <ClInclude Include="KernelManager.h">
      <Filter>Заголовочные файлы\System\Graphic\KernelManagment</Filter>
    </ClInclude>
    <ClInclude Include="OpenCL.h">
      <Filter>Заголовочные файлы\System\Graphic</Filter>
    </ClInclude>
    <ClInclude Include="Window.h">
      <Filter>Заголовочные файлы\System\Graphic</Filter>
    </ClInclude>
    <ClInclude Include="VertexBuffer.h">
      <Filter>Заголовочные файлы\System\Graphic\GraphicBuffers</Filter>
    </ClInclude>
    <ClInclude Include="IndexBuffer.h">
      <Filter>Заголовочные файлы\System\Graphic\GraphicBuffers</Filter>
    </ClInclude>
    <ClInclude Include="Shader.h">
      <Filter>Заголовочные файлы\System\Graphic\ShaderManagment</Filter>
    </ClInclude>
    <ClInclude Include="ShaderManager.h">
      <Filter>Заголовочные файлы\System\Graphic\ShaderManagment</Filter>
    </ClInclude>
    <ClInclude Include="SimpleShader.h">
      <Filter>Заголовочные файлы\AdditionalElements\Graphic\Shaders</Filter>
    </ClInclude>
    <ClInclude Include="TestKernel.h">
      <Filter>Заголовочные файлы\AdditionalElements\Graphic\Kernels</Filter>
    </ClInclude>
    <ClInclude Include="Kernel.h">
      <Filter>Заголовочные файлы\System\Graphic\KernelManagment</Filter>
    </ClInclude>
    <ClInclude Include="System.h">
      <Filter>Заголовочные файлы\System</Filter>
    </ClInclude>
    <ClInclude Include="vector2.h">
      <Filter>Заголовочные файлы\3DMath</Filter>
    </ClInclude>
    <ClInclude Include="vector3.h">
      <Filter>Заголовочные файлы\3DMath</Filter>
    </ClInclude>
    <ClInclude Include="vector4.h">
      <Filter>Заголовочные файлы\3DMath</Filter>
    </ClInclude>
    <ClInclude Include="Matrix.h">
      <Filter>Заголовочные файлы\3DMath</Filter>
    </ClInclude>
    <ClInclude Include="VectorTransform.h">
      <Filter>Заголовочные файлы\3DMath</Filter>
    </ClInclude>
    <ClInclude Include="GraphicSystem.h">
      <Filter>Заголовочные файлы\System\Graphic</Filter>
    </ClInclude>
    <ClInclude Include="Math3D.h">
      <Filter>Заголовочные файлы\3DMath</Filter>
    </ClInclude>
    <ClInclude Include="Camera.h">
      <Filter>Заголовочные файлы\System\Graphic</Filter>
    </ClInclude>
    <ClInclude Include="SimpleModel.h">
      <Filter>Заголовочные файлы\AdditionalElements\Models</Filter>
    </ClInclude>
    <ClInclude Include="BaseModel.h">
      <Filter>Заголовочные файлы\System\ModelManagment</Filter>
    </ClInclude>
    <ClInclude Include="SSSMRenderer.h">
      <Filter>Заголовочные файлы\AdditionalElements\Renderers</Filter>
    </ClInclude>
    <ClInclude Include="ClearKernel.h">
      <Filter>Заголовочные файлы\AdditionalElements\Graphic\Kernels</Filter>
    </ClInclude>
    <ClInclude Include="Graphic.h">
      <Filter>Заголовочные файлы\System\Graphic</Filter>
    </ClInclude>
  </ItemGroup>
  <ItemGroup>
    <ClCompile Include="main.c">
      <Filter>Файлы исходного кода</Filter>
    </ClCompile>
    <ClCompile Include="LogManager.c">
      <Filter>Файлы исходного кода\System\Services</Filter>
    </ClCompile>
    <ClCompile Include="Settings.c">
      <Filter>Файлы исходного кода\System\Services</Filter>
    </ClCompile>
    <ClCompile Include="Graphic.c">
      <Filter>Файлы исходного кода\System\Graphic</Filter>
    </ClCompile>
    <ClCompile Include="Window.c">
      <Filter>Файлы исходного кода\System\Graphic</Filter>
    </ClCompile>
    <ClCompile Include="OpenCL.c">
      <Filter>Файлы исходного кода\System\Graphic</Filter>
    </ClCompile>
    <ClCompile Include="KernelManager.c">
      <Filter>Файлы исходного кода\System\Graphic\KernelManagment</Filter>
    </ClCompile>
    <ClCompile Include="Shader.c">
      <Filter>Файлы исходного кода\System\Graphic\ShaderManagment</Filter>
    </ClCompile>
    <ClCompile Include="IndexBuffer.c">
      <Filter>Файлы исходного кода\System\Graphic\GraphicBuffers</Filter>
    </ClCompile>
    <ClCompile Include="VertexBuffer.c">
      <Filter>Файлы исходного кода\System\Graphic\GraphicBuffers</Filter>
    </ClCompile>
    <ClCompile Include="TestKernel.c">
      <Filter>Файлы исходного кода\AdditionalElements\Graphic\Kernels</Filter>
    </ClCompile>
    <ClCompile Include="Kernel.c">
      <Filter>Файлы исходного кода\System\Graphic\KernelManagment</Filter>
    </ClCompile>
    <ClCompile Include="system.c">
      <Filter>Файлы исходного кода\System</Filter>
    </ClCompile>
    <ClCompile Include="BaseModel.c">
      <Filter>Файлы исходного кода\System\ModelManagment</Filter>
    </ClCompile>
    <ClCompile Include="vector2.c">
      <Filter>Файлы исходного кода\3DMath</Filter>
    </ClCompile>
    <ClCompile Include="vector3.c">
      <Filter>Файлы исходного кода\3DMath</Filter>
    </ClCompile>
    <ClCompile Include="vector4.c">
      <Filter>Файлы исходного кода\3DMath</Filter>
    </ClCompile>
    <ClCompile Include="MatrixOperations.c">
      <Filter>Файлы исходного кода\3DMath</Filter>
    </ClCompile>
    <ClCompile Include="MatrixBuilding.c">
      <Filter>Файлы исходного кода\3DMath</Filter>
    </ClCompile>
    <ClCompile Include="VectorTransform.c">
      <Filter>Файлы исходного кода\3DMath</Filter>
    </ClCompile>
    <ClCompile Include="GraphicSystem.c">
      <Filter>Файлы исходного кода\System\Graphic</Filter>
    </ClCompile>
    <ClCompile Include="ClearKernel.c">
      <Filter>Файлы исходного кода\AdditionalElements\Graphic\Kernels</Filter>
    </ClCompile>
    <ClCompile Include="Camera.c">
      <Filter>Файлы исходного кода\System\Graphic</Filter>
    </ClCompile>
  </ItemGroup>
  <ItemGroup>
    <None Include="testKernel.cl">
      <Filter>Файлы ресурсов\kernels</Filter>
    </None>
    <None Include="clearKernel.cl">
      <Filter>Файлы ресурсов\kernels</Filter>
    </None>
  </ItemGroup>
</Project>